
Microsoft Visual Studio Solution File, Format Version 12.00
# Visual Studio Version 17
VisualStudioVersion = 17.4.33110.190
MinimumVisualStudioVersion = 10.0.40219.1
Project("{FAE04EC0-301F-11D3-BF4B-00C04F79EFBC}") = "BlazorWeather.Web", "BlazorWeather.Web\BlazorWeather.Web.csproj", "{1E17D7D3-B002-491B-BEFE-AAC09CDFEFE6}"
EndProject
Global
	GlobalSection(SolutionConfigurationPlatforms) = preSolution
		Debug|Any CPU = Debug|Any CPU
		Release|Any CPU = Release|Any CPU
	EndGlobalSection
	GlobalSection(ProjectConfigurationPlatforms) = postSolution
		{1E17D7D3-B002-491B-BEFE-AAC09CDFEFE6}.Debug|Any CPU.ActiveCfg = Debug|Any CPU
		{1E17D7D3-B002-491B-BEFE-AAC09CDFEFE6}.Debug|Any CPU.Build.0 = Debug|Any CPU
		{1E17D7D3-B002-491B-BEFE-AAC09CDFEFE6}.Release|Any CPU.ActiveCfg = Release|Any CPU
		{1E17D7D3-B002-491B-BEFE-AAC09CDFEFE6}.Release|Any CPU.Build.0 = Release|Any CPU
	EndGlobalSection
	GlobalSection(SolutionProperties) = preSolution
		HideSolutionNode = FALSE
	EndGlobalSection
	GlobalSection(ExtensibilityGlobals) = postSolution
		SolutionGuid = {6D3BD468-AB40-4522-8AEA-42F6F69F2683}
	EndGlobalSection
EndGlobal
